
Microsoft Visual Studio Solution File, Format Version 12.00
# Visual Studio Version 17
VisualStudioVersion = 17.8.34309.116
MinimumVisualStudioVersion = 10.0.40219.1
Project("{FAE04EC0-301F-11D3-BF4B-00C04F79EFBC}") = "TestTask", "TestTask.csproj", "{98669550-96BF-48B9-B696-616DE2874888}"
EndProject
Global
	GlobalSection(SolutionConfigurationPlatforms) = preSolution
		Debug|Any CPU = Debug|Any CPU
		Release|Any CPU = Release|Any CPU
	EndGlobalSection
	GlobalSection(ProjectConfigurationPlatforms) = postSolution
		{98669550-96BF-48B9-B696-616DE2874888}.Debug|Any CPU.ActiveCfg = Debug|Any CPU
		{98669550-96BF-48B9-B696-616DE2874888}.Debug|Any CPU.Build.0 = Debug|Any CPU
		{98669550-96BF-48B9-B696-616DE2874888}.Release|Any CPU.ActiveCfg = Release|Any CPU
		{98669550-96BF-48B9-B696-616DE2874888}.Release|Any CPU.Build.0 = Release|Any CPU
	EndGlobalSection
	GlobalSection(SolutionProperties) = preSolution
		HideSolutionNode = FALSE
	EndGlobalSection
	GlobalSection(ExtensibilityGlobals) = postSolution
		SolutionGuid = {192FB96B-A5D3-4963-841C-0EC428151DC6}
	EndGlobalSection
EndGlobal
